{
  "name": "tranfi-core",
  "lockfileVersion": 3,
  "requires": true,
  "packages": {
    "": {
      "dependencies": {
        "online-stats": "^1.5.0"
      }
    },
    "node_modules/heap": {
      "version": "0.2.7",
      "resolved": "https://registry.npmjs.org/heap/-/heap-0.2.7.tgz",
      "integrity": "sha512-2bsegYkkHO+h/9MGbn6KWcE45cHZgPANo5LXF7EvWdT0yT2EguSVO1nDgU5c8+ZOPwp2vMNa7YFsJhVcDR9Sdg==",
      "license": "MIT"
    },
    "node_modules/linear-algebra": {
      "version": "3.1.4",
      "resolved": "https://registry.npmjs.org/linear-algebra/-/linear-algebra-3.1.4.tgz",
      "integrity": "sha512-lOcbqa61aheuk+6rfQoFhhHwbXUKP4fRDt++oG8JrMeAW3udM515+ntJYuJPbe9tOCBT5gvaSS9rr0Iy7tMvKw==",
      "license": "MIT"
    },
    "node_modules/online-autocorrelation": {
      "version": "0.0.1",
      "resolved": "https://registry.npmjs.org/online-autocorrelation/-/online-autocorrelation-0.0.1.tgz",
      "integrity": "sha512-6Jq3M31l+GKkOt91K7ahURmDvvawFOqbyHBerKUUAjNbO8DzL8k1nU3YmmwKMMchBis0G+yU9tem1aHAl7PyPg==",
      "license": "ISC",
      "dependencies": {
        "online-autocovariance": "0.0.1"
      }
    },
    "node_modules/online-autocovariance": {
      "version": "0.0.1",
      "resolved": "https://registry.npmjs.org/online-autocovariance/-/online-autocovariance-0.0.1.tgz",
      "integrity": "sha512-AMgPQgdG5YkWcH6bqZnJCAAlbXR9zYS/WVtHoS6mmt9TaGidbM+g7oNFUSB/EYCTn05Xxoy4kC1jjLDOCcr3AQ==",
      "license": "ISC",
      "dependencies": {
        "online-lag": "0.0.3",
        "online-mean": "^1.1.2"
      }
    },
    "node_modules/online-count": {
      "version": "0.0.2",
      "resolved": "https://registry.npmjs.org/online-count/-/online-count-0.0.2.tgz",
      "integrity": "sha512-lyLgD9BPnsbDriu1KZ++uoXJoi8W9Cz/T8gLgwsLtZE+tjCX4VF4JXFxXbPXX9ORSW+7XYitm9OQMULXozc2xA==",
      "license": "ISC"
    },
    "node_modules/online-covariance": {
      "version": "1.0.2",
      "resolved": "https://registry.npmjs.org/online-covariance/-/online-covariance-1.0.2.tgz",
      "integrity": "sha512-jolZuD3CY2galXtLTVAPuMpipdXydpwpxR5zhanOr6skxOThUrJzKCuJ/OWTiBSogZ1Tg7kZ/6eXCPMVo5bd2w==",
      "license": "ISC"
    },
    "node_modules/online-group": {
      "version": "0.0.1",
      "resolved": "https://registry.npmjs.org/online-group/-/online-group-0.0.1.tgz",
      "integrity": "sha512-bZPHS58kKwq0+9CqMrXgox/KV3lBSfeK/H+MeQXeBIzjZ1r6LV0sqeYsGhPm1oSLAg56ydIsP3YVn7/8xZnQKg==",
      "license": "ISC"
    },
    "node_modules/online-histogram": {
      "version": "0.0.4",
      "resolved": "https://registry.npmjs.org/online-histogram/-/online-histogram-0.0.4.tgz",
      "integrity": "sha512-0p7rKSAdOuz+jBY+bCGov7ZlgQ2QjQkPJh02zP00mUxLESXNSw0XdxQYkt/i07t8CqJT6y5h4Io+K32Fu39ZWA==",
      "license": "ISC"
    },
    "node_modules/online-lag": {
      "version": "0.0.3",
      "resolved": "https://registry.npmjs.org/online-lag/-/online-lag-0.0.3.tgz",
      "integrity": "sha512-pM1+lzr3ev3wAPqfIgSAE5rBQTgSoGZgyhDUAee3/PJk4hjKZmkPqLX/76HHT4gzokHRQ7Rc2/NXAZoNaHOYdw==",
      "license": "ISC"
    },
    "node_modules/online-linear-regression": {
      "version": "1.0.0",
      "resolved": "https://registry.npmjs.org/online-linear-regression/-/online-linear-regression-1.0.0.tgz",
      "integrity": "sha512-b3FDbsT2zugOHJaETasp6oW1BcoWKNHc94J1PaszpngsR1ry083WQ7tH6tMYGjF/uLPCSG5nPROZq7MWaVO6GQ==",
      "license": "MIT",
      "dependencies": {
        "linear-algebra": "^3.1.4"
      }
    },
    "node_modules/online-max": {
      "version": "1.0.1",
      "resolved": "https://registry.npmjs.org/online-max/-/online-max-1.0.1.tgz",
      "integrity": "sha512-uXKt8Z79eyibivfrKTAFdKLSAh60Ic1KgQUNJSMciw7KPf4uztBnWgv2k2MgO38h6qyFA7z7/KfSyJ+K+C2+Gw==",
      "license": "ISC"
    },
    "node_modules/online-mean": {
      "version": "1.1.2",
      "resolved": "https://registry.npmjs.org/online-mean/-/online-mean-1.1.2.tgz",
      "integrity": "sha512-RhIZLdTtFDpW9YZGxaNKim7PqFHX07TtUh6g9Q/8SQaonjGZRmfy+zE5gp+wqu8pk0fL5Bmhs7QcpSve3ftwvg==",
      "license": "ISC"
    },
    "node_modules/online-median": {
      "version": "1.0.3",
      "resolved": "https://registry.npmjs.org/online-median/-/online-median-1.0.3.tgz",
      "integrity": "sha512-i3qhEjzq2TsiQ55QazqVSnWY4ijcYgj2y0TtKOOpiitDcY3sHJPe5AP/VbdTSm6DFNygxF9rhymyjOtZ84I7ag==",
      "license": "ISC",
      "dependencies": {
        "heap": "^0.2.6"
      }
    },
    "node_modules/online-min": {
      "version": "1.0.2",
      "resolved": "https://registry.npmjs.org/online-min/-/online-min-1.0.2.tgz",
      "integrity": "sha512-+qUpemv+ZSLs8i+vZcAPo66dluJNX35ouihDC5pR+ZZKU8QqQzNDxtJTH5W19HNOe5W0r02y+jUjvdjNmuSfPQ==",
      "license": "ISC"
    },
    "node_modules/online-series": {
      "version": "0.0.3",
      "resolved": "https://registry.npmjs.org/online-series/-/online-series-0.0.3.tgz",
      "integrity": "sha512-eGNN71NAxd/R1+unkhleqxgP8kGuw7CwkyGAnlRl5MlMRA9iwwCMpTrLG/SNgnTgVOPTie41PucTeuLkGSPIrA==",
      "license": "ISC"
    },
    "node_modules/online-stats": {
      "version": "1.5.0",
      "resolved": "https://registry.npmjs.org/online-stats/-/online-stats-1.5.0.tgz",
      "integrity": "sha512-zusXt3n2pXY4lAzmqrkh/7/hCDhg8be1mb2OyCJFtNb/vTJMBHSMW+0/tLBDbaZo8UeVwzZtz1fopxFsNqnYrw==",
      "license": "ISC",
      "dependencies": {
        "online-autocorrelation": "0.0.1",
        "online-autocovariance": "^0.0.1",
        "online-count": "^0.0.2",
        "online-covariance": "^1.0.2",
        "online-group": "^0.0.1",
        "online-histogram": "0.0.4",
        "online-lag": "^0.0.3",
        "online-linear-regression": "^1.0.0",
        "online-max": "^1.0.1",
        "online-mean": "^1.1.2",
        "online-median": "^1.0.3",
        "online-min": "^1.0.2",
        "online-series": "^0.0.3",
        "online-std": "^1.0.2",
        "online-variance": "^1.0.2"
      }
    },
    "node_modules/online-std": {
      "version": "1.0.2",
      "resolved": "https://registry.npmjs.org/online-std/-/online-std-1.0.2.tgz",
      "integrity": "sha512-bo6TboZ+yZa0MOCn29CJpPUEk2fhDsNRrqFqU6fzVe5WM7+toJ5cA1r/wRKDoFmbfVtzJTpktdpPJ7OQagUSwA==",
      "license": "ISC",
      "dependencies": {
        "online-variance": "^1.0.1"
      }
    },
    "node_modules/online-variance": {
      "version": "1.0.2",
      "resolved": "https://registry.npmjs.org/online-variance/-/online-variance-1.0.2.tgz",
      "integrity": "sha512-pA1HuRe40TalcFWyQ4S9srMfpeOX5pDa0iZ8v6mAgjf/qsb6+RGyRYblEu/EWla7tsRTpJAM9xCw8wxwOZbS9g==",
      "license": "ISC"
    }
  }
}
